
Microsoft Visual Studio Solution File, Format Version 12.00
# Visual Studio Version 17
VisualStudioVersion = 17.13.35931.197 d17.13
MinimumVisualStudioVersion = 10.0.40219.1
Project("{8BC9CEB8-8B4A-11D0-8D11-00A0C91BC942}") = "STL2_2", "STL2_2.vcxproj", "{30233BA1-1BAB-4DED-B80F-6EDF69945B3B}"
EndProject
Global
	GlobalSection(SolutionConfigurationPlatforms) = preSolution
		Debug|x64 = Debug|x64
		Debug|x86 = Debug|x86
		Release|x64 = Release|x64
		Release|x86 = Release|x86
	EndGlobalSection
	GlobalSection(ProjectConfigurationPlatforms) = postSolution
		{30233BA1-1BAB-4DED-B80F-6EDF69945B3B}.Debug|x64.ActiveCfg = Debug|x64
		{30233BA1-1BAB-4DED-B80F-6EDF69945B3B}.Debug|x64.Build.0 = Debug|x64
		{30233BA1-1BAB-4DED-B80F-6EDF69945B3B}.Debug|x86.ActiveCfg = Debug|Win32
		{30233BA1-1BAB-4DED-B80F-6EDF69945B3B}.Debug|x86.Build.0 = Debug|Win32
		{30233BA1-1BAB-4DED-B80F-6EDF69945B3B}.Release|x64.ActiveCfg = Release|x64
		{30233BA1-1BAB-4DED-B80F-6EDF69945B3B}.Release|x64.Build.0 = Release|x64
		{30233BA1-1BAB-4DED-B80F-6EDF69945B3B}.Release|x86.ActiveCfg = Release|Win32
		{30233BA1-1BAB-4DED-B80F-6EDF69945B3B}.Release|x86.Build.0 = Release|Win32
	EndGlobalSection
	GlobalSection(SolutionProperties) = preSolution
		HideSolutionNode = FALSE
	EndGlobalSection
	GlobalSection(ExtensibilityGlobals) = postSolution
		SolutionGuid = {1C67BD19-3E03-4F6F-AC49-B8AD5379EDBD}
	EndGlobalSection
EndGlobal
